
Microsoft Visual Studio Solution File, Format Version 11.00
# Visual Studio 2010
Project("{FAE04EC0-301F-11D3-BF4B-00C04F79EFBC}") = "WebApplication9", "WebApplication9\WebApplication9.csproj", "{84B38546-8349-4486-A69A-CFB063E92F42}"
EndProject
Global
	GlobalSection(SolutionConfigurationPlatforms) = preSolution
		Debug|Any CPU = Debug|Any CPU
		Release|Any CPU = Release|Any CPU
	EndGlobalSection
	GlobalSection(ProjectConfigurationPlatforms) = postSolution
		{84B38546-8349-4486-A69A-CFB063E92F42}.Debug|Any CPU.ActiveCfg = Debug|Any CPU
		{84B38546-8349-4486-A69A-CFB063E92F42}.Debug|Any CPU.Build.0 = Debug|Any CPU
		{84B38546-8349-4486-A69A-CFB063E92F42}.Release|Any CPU.ActiveCfg = Release|Any CPU
		{84B38546-8349-4486-A69A-CFB063E92F42}.Release|Any CPU.Build.0 = Release|Any CPU
	EndGlobalSection
	GlobalSection(SolutionProperties) = preSolution
		HideSolutionNode = FALSE
	EndGlobalSection
EndGlobal
